
Microsoft Visual Studio Solution File, Format Version 12.00
# Visual Studio Version 17
VisualStudioVersion = 17.8.34316.72
MinimumVisualStudioVersion = 10.0.40219.1
Project("{FAE04EC0-301F-11D3-BF4B-00C04F79EFBC}") = "RealEstate_Dapper_Api", "RealEstate_Dapper_Api\RealEstate_Dapper_Api.csproj", "{590AD7FF-D758-4CEF-8E95-0E2E7C245BB6}"
EndProject
Project("{FAE04EC0-301F-11D3-BF4B-00C04F79EFBC}") = "RealEstate_Dapper_UI", "RealEstate_Dapper_UI\RealEstate_Dapper_UI.csproj", "{C8AC4353-E1DE-4491-BF98-995091539C4D}"
EndProject
Global
	GlobalSection(SolutionConfigurationPlatforms) = preSolution
		Debug|Any CPU = Debug|Any CPU
		Release|Any CPU = Release|Any CPU
	EndGlobalSection
	GlobalSection(ProjectConfigurationPlatforms) = postSolution
		{590AD7FF-D758-4CEF-8E95-0E2E7C245BB6}.Debug|Any CPU.ActiveCfg = Debug|Any CPU
		{590AD7FF-D758-4CEF-8E95-0E2E7C245BB6}.Debug|Any CPU.Build.0 = Debug|Any CPU
		{590AD7FF-D758-4CEF-8E95-0E2E7C245BB6}.Release|Any CPU.ActiveCfg = Release|Any CPU
		{590AD7FF-D758-4CEF-8E95-0E2E7C245BB6}.Release|Any CPU.Build.0 = Release|Any CPU
		{C8AC4353-E1DE-4491-BF98-995091539C4D}.Debug|Any CPU.ActiveCfg = Debug|Any CPU
		{C8AC4353-E1DE-4491-BF98-995091539C4D}.Debug|Any CPU.Build.0 = Debug|Any CPU
		{C8AC4353-E1DE-4491-BF98-995091539C4D}.Release|Any CPU.ActiveCfg = Release|Any CPU
		{C8AC4353-E1DE-4491-BF98-995091539C4D}.Release|Any CPU.Build.0 = Release|Any CPU
	EndGlobalSection
	GlobalSection(SolutionProperties) = preSolution
		HideSolutionNode = FALSE
	EndGlobalSection
	GlobalSection(ExtensibilityGlobals) = postSolution
		SolutionGuid = {08AA1281-DEDD-47D8-9B8A-40A8FEF5F4C1}
	EndGlobalSection
EndGlobal
